
Microsoft Visual Studio Solution File, Format Version 12.00
# Visual Studio 15
VisualStudioVersion = 15.0.28010.2019
MinimumVisualStudioVersion = 10.0.40219.1
Project("{FAE04EC0-301F-11D3-BF4B-00C04F79EFBC}") = "TopologyConverter", "TopologyConverter\TopologyConverter.csproj", "{11B5DF3D-956F-46CE-A45F-B7F2EF7304AA}"
EndProject
Global
	GlobalSection(SolutionConfigurationPlatforms) = preSolution
		Debug|Any CPU = Debug|Any CPU
		Release|Any CPU = Release|Any CPU
	EndGlobalSection
	GlobalSection(ProjectConfigurationPlatforms) = postSolution
		{11B5DF3D-956F-46CE-A45F-B7F2EF7304AA}.Debug|Any CPU.ActiveCfg = Debug|Any CPU
		{11B5DF3D-956F-46CE-A45F-B7F2EF7304AA}.Debug|Any CPU.Build.0 = Debug|Any CPU
		{11B5DF3D-956F-46CE-A45F-B7F2EF7304AA}.Release|Any CPU.ActiveCfg = Release|Any CPU
		{11B5DF3D-956F-46CE-A45F-B7F2EF7304AA}.Release|Any CPU.Build.0 = Release|Any CPU
	EndGlobalSection
	GlobalSection(SolutionProperties) = preSolution
		HideSolutionNode = FALSE
	EndGlobalSection
	GlobalSection(ExtensibilityGlobals) = postSolution
		SolutionGuid = {1B41FAB9-8C84-416A-BDAE-5ED057F2BFDB}
	EndGlobalSection
EndGlobal
